
Microsoft Visual Studio Solution File, Format Version 12.00
# Visual Studio Version 17
VisualStudioVersion = 17.4.33213.308
MinimumVisualStudioVersion = 10.0.40219.1
Project("{FAE04EC0-301F-11D3-BF4B-00C04F79EFBC}") = "5 reqemli eded", "5 reqemli eded\5 reqemli eded.csproj", "{9F9D5469-BA6D-4D18-8FFB-263E6CFC493A}"
EndProject
Global
	GlobalSection(SolutionConfigurationPlatforms) = preSolution
		Debug|Any CPU = Debug|Any CPU
		Release|Any CPU = Release|Any CPU
	EndGlobalSection
	GlobalSection(ProjectConfigurationPlatforms) = postSolution
		{9F9D5469-BA6D-4D18-8FFB-263E6CFC493A}.Debug|Any CPU.ActiveCfg = Debug|Any CPU
		{9F9D5469-BA6D-4D18-8FFB-263E6CFC493A}.Debug|Any CPU.Build.0 = Debug|Any CPU
		{9F9D5469-BA6D-4D18-8FFB-263E6CFC493A}.Release|Any CPU.ActiveCfg = Release|Any CPU
		{9F9D5469-BA6D-4D18-8FFB-263E6CFC493A}.Release|Any CPU.Build.0 = Release|Any CPU
	EndGlobalSection
	GlobalSection(SolutionProperties) = preSolution
		HideSolutionNode = FALSE
	EndGlobalSection
	GlobalSection(ExtensibilityGlobals) = postSolution
		SolutionGuid = {E8FA38B0-F252-4657-912F-1FE8BAF2B28A}
	EndGlobalSection
EndGlobal
